
Microsoft Visual Studio Solution File, Format Version 12.00
# Visual Studio Version 17
VisualStudioVersion = 17.6.33829.357
MinimumVisualStudioVersion = 10.0.40219.1
Project("{FAE04EC0-301F-11D3-BF4B-00C04F79EFBC}") = "CoreDemo", "CoreDemo\CoreDemo.csproj", "{B7788E52-9967-475F-82C5-4C602DE30942}"
EndProject
Global
	GlobalSection(SolutionConfigurationPlatforms) = preSolution
		Debug|Any CPU = Debug|Any CPU
		Release|Any CPU = Release|Any CPU
	EndGlobalSection
	GlobalSection(ProjectConfigurationPlatforms) = postSolution
		{B7788E52-9967-475F-82C5-4C602DE30942}.Debug|Any CPU.ActiveCfg = Debug|Any CPU
		{B7788E52-9967-475F-82C5-4C602DE30942}.Debug|Any CPU.Build.0 = Debug|Any CPU
		{B7788E52-9967-475F-82C5-4C602DE30942}.Release|Any CPU.ActiveCfg = Release|Any CPU
		{B7788E52-9967-475F-82C5-4C602DE30942}.Release|Any CPU.Build.0 = Release|Any CPU
	EndGlobalSection
	GlobalSection(SolutionProperties) = preSolution
		HideSolutionNode = FALSE
	EndGlobalSection
	GlobalSection(ExtensibilityGlobals) = postSolution
		SolutionGuid = {38A4703C-2612-4EBE-A07E-81334C709582}
	EndGlobalSection
EndGlobal
